<?xml version="1.0" encoding="utf-8"?>
<Project ToolsVersion="4.0" xmlns="http://schemas.microsoft.com/developer/msbuild/2003">
  <ItemGroup>
    <Filter Include="Source Files">
      <UniqueIdentifier>{4FC737F1-C7A5-4376-A066-2A32D752A2FF}</UniqueIdentifier>
      <Extensions>cpp;c;cc;cxx;def;odl;idl;hpj;bat;asm;asmx</Extensions>
    </Filter>
    <Filter Include="Header Files">
      <UniqueIdentifier>{93995380-89BD-4b04-88EB-625FBE52EBFB}</UniqueIdentifier>
      <Extensions>h;hh;hpp;hxx;hm;inl;inc;xsd</Extensions>
    </Filter>
    <Filter Include="Resource Files">
      <UniqueIdentifier>{D9D6E242-F8AF-46E4-B9FD-80ECBC20BA3E}</UniqueIdentifier>
      <Extensions>qrc;*</Extensions>
      <ParseFiles>false</ParseFiles>
    </Filter>
    <Filter Include="Form Files">
      <UniqueIdentifier>{99349809-55BA-4b9d-BF79-8FDBB0286EB3}</UniqueIdentifier>
      <Extensions>ui</Extensions>
    </Filter>
    <Filter Include="Resource Files">
      <UniqueIdentifier>{D9D6E242-F8AF-46E4-B9FD-80ECBC20BA3E}</UniqueIdentifier>
      <Extensions>qrc;*</Extensions>
      <ParseFiles>false</ParseFiles>
    </Filter>
    <Filter Include="Generated Files">
      <UniqueIdentifier>{71ED8ED8-ACB9-4CE9-BBE1-E00B30144E11}</UniqueIdentifier>
      <Extensions>moc;h;cpp</Extensions>
      <SourceControlFiles>False</SourceControlFiles>
    </Filter>
  </ItemGroup>
  <ItemGroup>
    <ResourceCompile Include="ChemInk.rc" />
  </ItemGroup>
  <ItemGroup>
    <QtRcc Include="chemink.qrc">
      <Filter>Resource Files</Filter>
    </QtRcc>
    <QtRcc Include="weights(1).qrc">
      <Filter>Resource Files</Filter>
    </QtRcc>
    <QtRcc Include="weights(2).qrc">
      <Filter>Resource Files</Filter>
    </QtRcc>
    <QtRcc Include="weights(3).qrc">
      <Filter>Resource Files</Filter>
    </QtRcc>
    <QtRcc Include="weights(4).qrc">
      <Filter>Resource Files</Filter>
    </QtRcc>
  </ItemGroup>
  <ItemGroup>
    <ClCompile Include="src\alkanetopo.cpp">
      <Filter>Source Files</Filter>
    </ClCompile>
    <ClCompile Include="src\chembalancer.cpp">
      <Filter>Source Files</Filter>
    </ClCompile>
    <ClCompile Include="src\detectionobject.cpp">
      <Filter>Source Files</Filter>
    </ClCompile>
    <ClCompile Include="src\fdeepcnn.cpp">
      <Filter>Source Files</Filter>
    </ClCompile>
    <ClCompile Include="src\forcefieldcaller.cpp">
      <Filter>Source Files</Filter>
    </ClCompile>
    <ClCompile Include="src\glcheminfo.cpp">
      <Filter>Source Files</Filter>
    </ClCompile>
    <ClCompile Include="src\glmolarea.cpp">
      <Filter>Source Files</Filter>
    </ClCompile>
    <ClCompile Include="src\main.cpp">
      <Filter>Source Files</Filter>
    </ClCompile>
    <ClCompile Include="src\opencvyolov3.cpp">
      <Filter>Source Files</Filter>
    </ClCompile>
    <ClCompile Include="src\scribblearea.cpp">
      <Filter>Source Files</Filter>
    </ClCompile>
    <ClCompile Include="src\threadsupport.cpp">
      <Filter>Source Files</Filter>
    </ClCompile>
    <ClCompile Include="src\writtingpanel.cpp">
      <Filter>Source Files</Filter>
    </ClCompile>
    <ClCompile Include="src\spellcorrector.cpp">
      <Filter>Source Files</Filter>
    </ClCompile>
  </ItemGroup>
  <ItemGroup>
    <ClInclude Include="src\alkanetopo.h">
      <Filter>Header Files</Filter>
    </ClInclude>
    <ClInclude Include="src\chembalancer.h">
      <Filter>Header Files</Filter>
    </ClInclude>
    <ClInclude Include="src\detectionobject.h">
      <Filter>Header Files</Filter>
    </ClInclude>
    <ClInclude Include="src\fdeepcnn.h">
      <Filter>Header Files</Filter>
    </ClInclude>
    <ClInclude Include="src\forcefieldcaller.h">
      <Filter>Header Files</Filter>
    </ClInclude>
    <ClInclude Include="src\glcheminfo.h">
      <Filter>Header Files</Filter>
    </ClInclude>
    <ClInclude Include="src\opencvyolov3.h">
      <Filter>Header Files</Filter>
    </ClInclude>
    <ClInclude Include="src\threadsupport.h">
      <Filter>Header Files</Filter>
    </ClInclude>
    <ClInclude Include="src\spellcorrector.h">
      <Filter>Header Files</Filter>
    </ClInclude>
  </ItemGroup>
  <ItemGroup>
    <QtMoc Include="src\glmolarea.h">
      <Filter>Header Files</Filter>
    </QtMoc>
    <QtMoc Include="src\scribblearea.h">
      <Filter>Header Files</Filter>
    </QtMoc>
    <QtMoc Include="src\writtingpanel.h">
      <Filter>Header Files</Filter>
    </QtMoc>
  </ItemGroup>
  <ItemGroup>
    <QtUic Include="src\writtingpanel.ui">
      <Filter>Form Files</Filter>
    </QtUic>
  </ItemGroup>
</Project>